
Microsoft Visual Studio Solution File, Format Version 12.00
# Visual Studio Version 17
VisualStudioVersion = 17.0.31903.59
MinimumVisualStudioVersion = 10.0.40219.1
Project("{2150E333-8FDC-42A3-9474-1A3956D46DE8}") = "src", "src", "{C4D2337C-0677-4DFB-8EB9-43CAC9B294FC}"
EndProject
Project("{2150E333-8FDC-42A3-9474-1A3956D46DE8}") = "routes", "routes", "{B65AC92D-8163-43F8-A397-BD51E774F207}"
EndProject
Project("{FAE04EC0-301F-11D3-BF4B-00C04F79EFBC}") = "root", "src\routes\src\root.csproj", "{83516DDD-AA74-47A5-A8E9-ACA59BD13975}"
EndProject
Project("{FAE04EC0-301F-11D3-BF4B-00C04F79EFBC}") = "root.Tests", "src\routes\test\root.Tests.csproj", "{8B055925-0E7F-40FD-A69F-985F21C5B715}"
EndProject
Project("{2150E333-8FDC-42A3-9474-1A3956D46DE8}") = "shop", "shop", "{32DE303A-178A-4149-93B3-A503EE479FA6}"
EndProject
Project("{FAE04EC0-301F-11D3-BF4B-00C04F79EFBC}") = "shop", "src\routes\shop\src\shop.csproj", "{15906FA0-05A9-4762-B6E5-3666DC648646}"
EndProject
Project("{FAE04EC0-301F-11D3-BF4B-00C04F79EFBC}") = "shop.Tests", "src\routes\shop\test\shop.Tests.csproj", "{C5A19FB7-7A40-414B-AFDF-540235264E18}"
EndProject
Project("{2150E333-8FDC-42A3-9474-1A3956D46DE8}") = "Data.EFCore", "Data.EFCore", "{820C4AD1-54B1-D6ED-13A7-FFB8CA6503CA}"
EndProject
Project("{FAE04EC0-301F-11D3-BF4B-00C04F79EFBC}") = "Test", "src\Data.EFCore\Test\Test.csproj", "{ED6C133B-AB51-4E59-9396-90C23689E384}"
EndProject
Project("{FAE04EC0-301F-11D3-BF4B-00C04F79EFBC}") = "Data.EFCore", "src\Data.EFCore\Data.EFCore.csproj", "{B3A19D70-5BC2-46C3-861F-958E3CBC7B80}"
EndProject
Global
	GlobalSection(SolutionConfigurationPlatforms) = preSolution
		Debug|Any CPU = Debug|Any CPU
		Debug|x64 = Debug|x64
		Debug|x86 = Debug|x86
		Release|Any CPU = Release|Any CPU
		Release|x64 = Release|x64
		Release|x86 = Release|x86
	EndGlobalSection
	GlobalSection(ProjectConfigurationPlatforms) = postSolution
		{83516DDD-AA74-47A5-A8E9-ACA59BD13975}.Debug|Any CPU.ActiveCfg = Debug|Any CPU
		{83516DDD-AA74-47A5-A8E9-ACA59BD13975}.Debug|Any CPU.Build.0 = Debug|Any CPU
		{83516DDD-AA74-47A5-A8E9-ACA59BD13975}.Debug|x64.ActiveCfg = Debug|Any CPU
		{83516DDD-AA74-47A5-A8E9-ACA59BD13975}.Debug|x64.Build.0 = Debug|Any CPU
		{83516DDD-AA74-47A5-A8E9-ACA59BD13975}.Debug|x86.ActiveCfg = Debug|Any CPU
		{83516DDD-AA74-47A5-A8E9-ACA59BD13975}.Debug|x86.Build.0 = Debug|Any CPU
		{83516DDD-AA74-47A5-A8E9-ACA59BD13975}.Release|Any CPU.ActiveCfg = Release|Any CPU
		{83516DDD-AA74-47A5-A8E9-ACA59BD13975}.Release|Any CPU.Build.0 = Release|Any CPU
		{83516DDD-AA74-47A5-A8E9-ACA59BD13975}.Release|x64.ActiveCfg = Release|Any CPU
		{83516DDD-AA74-47A5-A8E9-ACA59BD13975}.Release|x64.Build.0 = Release|Any CPU
		{83516DDD-AA74-47A5-A8E9-ACA59BD13975}.Release|x86.ActiveCfg = Release|Any CPU
		{83516DDD-AA74-47A5-A8E9-ACA59BD13975}.Release|x86.Build.0 = Release|Any CPU
		{8B055925-0E7F-40FD-A69F-985F21C5B715}.Debug|Any CPU.ActiveCfg = Debug|Any CPU
		{8B055925-0E7F-40FD-A69F-985F21C5B715}.Debug|Any CPU.Build.0 = Debug|Any CPU
		{8B055925-0E7F-40FD-A69F-985F21C5B715}.Debug|x64.ActiveCfg = Debug|Any CPU
		{8B055925-0E7F-40FD-A69F-985F21C5B715}.Debug|x64.Build.0 = Debug|Any CPU
		{8B055925-0E7F-40FD-A69F-985F21C5B715}.Debug|x86.ActiveCfg = Debug|Any CPU
		{8B055925-0E7F-40FD-A69F-985F21C5B715}.Debug|x86.Build.0 = Debug|Any CPU
		{8B055925-0E7F-40FD-A69F-985F21C5B715}.Release|Any CPU.ActiveCfg = Release|Any CPU
		{8B055925-0E7F-40FD-A69F-985F21C5B715}.Release|Any CPU.Build.0 = Release|Any CPU
		{8B055925-0E7F-40FD-A69F-985F21C5B715}.Release|x64.ActiveCfg = Release|Any CPU
		{8B055925-0E7F-40FD-A69F-985F21C5B715}.Release|x64.Build.0 = Release|Any CPU
		{8B055925-0E7F-40FD-A69F-985F21C5B715}.Release|x86.ActiveCfg = Release|Any CPU
		{8B055925-0E7F-40FD-A69F-985F21C5B715}.Release|x86.Build.0 = Release|Any CPU
		{15906FA0-05A9-4762-B6E5-3666DC648646}.Debug|Any CPU.ActiveCfg = Debug|Any CPU
		{15906FA0-05A9-4762-B6E5-3666DC648646}.Debug|Any CPU.Build.0 = Debug|Any CPU
		{15906FA0-05A9-4762-B6E5-3666DC648646}.Debug|x64.ActiveCfg = Debug|Any CPU
		{15906FA0-05A9-4762-B6E5-3666DC648646}.Debug|x64.Build.0 = Debug|Any CPU
		{15906FA0-05A9-4762-B6E5-3666DC648646}.Debug|x86.ActiveCfg = Debug|Any CPU
		{15906FA0-05A9-4762-B6E5-3666DC648646}.Debug|x86.Build.0 = Debug|Any CPU
		{15906FA0-05A9-4762-B6E5-3666DC648646}.Release|Any CPU.ActiveCfg = Release|Any CPU
		{15906FA0-05A9-4762-B6E5-3666DC648646}.Release|Any CPU.Build.0 = Release|Any CPU
		{15906FA0-05A9-4762-B6E5-3666DC648646}.Release|x64.ActiveCfg = Release|Any CPU
		{15906FA0-05A9-4762-B6E5-3666DC648646}.Release|x64.Build.0 = Release|Any CPU
		{15906FA0-05A9-4762-B6E5-3666DC648646}.Release|x86.ActiveCfg = Release|Any CPU
		{15906FA0-05A9-4762-B6E5-3666DC648646}.Release|x86.Build.0 = Release|Any CPU
		{C5A19FB7-7A40-414B-AFDF-540235264E18}.Debug|Any CPU.ActiveCfg = Debug|Any CPU
		{C5A19FB7-7A40-414B-AFDF-540235264E18}.Debug|Any CPU.Build.0 = Debug|Any CPU
		{C5A19FB7-7A40-414B-AFDF-540235264E18}.Debug|x64.ActiveCfg = Debug|Any CPU
		{C5A19FB7-7A40-414B-AFDF-540235264E18}.Debug|x64.Build.0 = Debug|Any CPU
		{C5A19FB7-7A40-414B-AFDF-540235264E18}.Debug|x86.ActiveCfg = Debug|Any CPU
		{C5A19FB7-7A40-414B-AFDF-540235264E18}.Debug|x86.Build.0 = Debug|Any CPU
		{C5A19FB7-7A40-414B-AFDF-540235264E18}.Release|Any CPU.ActiveCfg = Release|Any CPU
		{C5A19FB7-7A40-414B-AFDF-540235264E18}.Release|Any CPU.Build.0 = Release|Any CPU
		{C5A19FB7-7A40-414B-AFDF-540235264E18}.Release|x64.ActiveCfg = Release|Any CPU
		{C5A19FB7-7A40-414B-AFDF-540235264E18}.Release|x64.Build.0 = Release|Any CPU
		{C5A19FB7-7A40-414B-AFDF-540235264E18}.Release|x86.ActiveCfg = Release|Any CPU
		{C5A19FB7-7A40-414B-AFDF-540235264E18}.Release|x86.Build.0 = Release|Any CPU
		{ED6C133B-AB51-4E59-9396-90C23689E384}.Debug|Any CPU.ActiveCfg = Debug|Any CPU
		{ED6C133B-AB51-4E59-9396-90C23689E384}.Debug|Any CPU.Build.0 = Debug|Any CPU
		{ED6C133B-AB51-4E59-9396-90C23689E384}.Debug|x64.ActiveCfg = Debug|Any CPU
		{ED6C133B-AB51-4E59-9396-90C23689E384}.Debug|x64.Build.0 = Debug|Any CPU
		{ED6C133B-AB51-4E59-9396-90C23689E384}.Debug|x86.ActiveCfg = Debug|Any CPU
		{ED6C133B-AB51-4E59-9396-90C23689E384}.Debug|x86.Build.0 = Debug|Any CPU
		{ED6C133B-AB51-4E59-9396-90C23689E384}.Release|Any CPU.ActiveCfg = Release|Any CPU
		{ED6C133B-AB51-4E59-9396-90C23689E384}.Release|Any CPU.Build.0 = Release|Any CPU
		{ED6C133B-AB51-4E59-9396-90C23689E384}.Release|x64.ActiveCfg = Release|Any CPU
		{ED6C133B-AB51-4E59-9396-90C23689E384}.Release|x64.Build.0 = Release|Any CPU
		{ED6C133B-AB51-4E59-9396-90C23689E384}.Release|x86.ActiveCfg = Release|Any CPU
		{ED6C133B-AB51-4E59-9396-90C23689E384}.Release|x86.Build.0 = Release|Any CPU
		{B3A19D70-5BC2-46C3-861F-958E3CBC7B80}.Debug|Any CPU.ActiveCfg = Debug|Any CPU
		{B3A19D70-5BC2-46C3-861F-958E3CBC7B80}.Debug|Any CPU.Build.0 = Debug|Any CPU
		{B3A19D70-5BC2-46C3-861F-958E3CBC7B80}.Debug|x64.ActiveCfg = Debug|Any CPU
		{B3A19D70-5BC2-46C3-861F-958E3CBC7B80}.Debug|x64.Build.0 = Debug|Any CPU
		{B3A19D70-5BC2-46C3-861F-958E3CBC7B80}.Debug|x86.ActiveCfg = Debug|Any CPU
		{B3A19D70-5BC2-46C3-861F-958E3CBC7B80}.Debug|x86.Build.0 = Debug|Any CPU
		{B3A19D70-5BC2-46C3-861F-958E3CBC7B80}.Release|Any CPU.ActiveCfg = Release|Any CPU
		{B3A19D70-5BC2-46C3-861F-958E3CBC7B80}.Release|Any CPU.Build.0 = Release|Any CPU
		{B3A19D70-5BC2-46C3-861F-958E3CBC7B80}.Release|x64.ActiveCfg = Release|Any CPU
		{B3A19D70-5BC2-46C3-861F-958E3CBC7B80}.Release|x64.Build.0 = Release|Any CPU
		{B3A19D70-5BC2-46C3-861F-958E3CBC7B80}.Release|x86.ActiveCfg = Release|Any CPU
		{B3A19D70-5BC2-46C3-861F-958E3CBC7B80}.Release|x86.Build.0 = Release|Any CPU
	EndGlobalSection
	GlobalSection(SolutionProperties) = preSolution
		HideSolutionNode = FALSE
	EndGlobalSection
	GlobalSection(NestedProjects) = preSolution
		{B65AC92D-8163-43F8-A397-BD51E774F207} = {C4D2337C-0677-4DFB-8EB9-43CAC9B294FC}
		{83516DDD-AA74-47A5-A8E9-ACA59BD13975} = {B65AC92D-8163-43F8-A397-BD51E774F207}
		{8B055925-0E7F-40FD-A69F-985F21C5B715} = {B65AC92D-8163-43F8-A397-BD51E774F207}
		{32DE303A-178A-4149-93B3-A503EE479FA6} = {B65AC92D-8163-43F8-A397-BD51E774F207}
		{15906FA0-05A9-4762-B6E5-3666DC648646} = {32DE303A-178A-4149-93B3-A503EE479FA6}
		{C5A19FB7-7A40-414B-AFDF-540235264E18} = {32DE303A-178A-4149-93B3-A503EE479FA6}
		{820C4AD1-54B1-D6ED-13A7-FFB8CA6503CA} = {C4D2337C-0677-4DFB-8EB9-43CAC9B294FC}
		{ED6C133B-AB51-4E59-9396-90C23689E384} = {820C4AD1-54B1-D6ED-13A7-FFB8CA6503CA}
		{B3A19D70-5BC2-46C3-861F-958E3CBC7B80} = {C4D2337C-0677-4DFB-8EB9-43CAC9B294FC}
	EndGlobalSection
EndGlobal
